
Microsoft Visual Studio Solution File, Format Version 12.00
# Visual Studio 15
VisualStudioVersion = 15.0.36001.139
MinimumVisualStudioVersion = 10.0.40219.1
Project("{F184B08F-C81C-45F6-A57F-5ABD9991F28F}") = "token_service", "token_service\token_service.vbproj", "{1AF13CFC-7D27-47D9-9F78-866AF9D9FF63}"
EndProject
Global
	GlobalSection(SolutionConfigurationPlatforms) = preSolution
		Debug|Any CPU = Debug|Any CPU
		Release|Any CPU = Release|Any CPU
	EndGlobalSection
	GlobalSection(ProjectConfigurationPlatforms) = postSolution
		{1AF13CFC-7D27-47D9-9F78-866AF9D9FF63}.Debug|Any CPU.ActiveCfg = Debug|Any CPU
		{1AF13CFC-7D27-47D9-9F78-866AF9D9FF63}.Debug|Any CPU.Build.0 = Debug|Any CPU
		{1AF13CFC-7D27-47D9-9F78-866AF9D9FF63}.Release|Any CPU.ActiveCfg = Release|Any CPU
		{1AF13CFC-7D27-47D9-9F78-866AF9D9FF63}.Release|Any CPU.Build.0 = Release|Any CPU
	EndGlobalSection
	GlobalSection(SolutionProperties) = preSolution
		HideSolutionNode = FALSE
	EndGlobalSection
	GlobalSection(ExtensibilityGlobals) = postSolution
		SolutionGuid = {3BC35269-407B-4FEC-B721-DE4586AA120C}
	EndGlobalSection
EndGlobal
